
Microsoft Visual Studio Solution File, Format Version 12.00
# Visual Studio Version 16
VisualStudioVersion = 16.0.30523.141
MinimumVisualStudioVersion = 10.0.40219.1
Project("{8BC9CEB8-8B4A-11D0-8D11-00A0C91BC942}") = "PR3.1", "PR3.1\PR3.1.vcxproj", "{3FD80A92-BD8F-4811-A5D9-15979E06B486}"
EndProject
Global
	GlobalSection(SolutionConfigurationPlatforms) = preSolution
		Debug|x64 = Debug|x64
		Debug|x86 = Debug|x86
		Release|x64 = Release|x64
		Release|x86 = Release|x86
	EndGlobalSection
	GlobalSection(ProjectConfigurationPlatforms) = postSolution
		{3FD80A92-BD8F-4811-A5D9-15979E06B486}.Debug|x64.ActiveCfg = Debug|x64
		{3FD80A92-BD8F-4811-A5D9-15979E06B486}.Debug|x64.Build.0 = Debug|x64
		{3FD80A92-BD8F-4811-A5D9-15979E06B486}.Debug|x86.ActiveCfg = Debug|Win32
		{3FD80A92-BD8F-4811-A5D9-15979E06B486}.Debug|x86.Build.0 = Debug|Win32
		{3FD80A92-BD8F-4811-A5D9-15979E06B486}.Release|x64.ActiveCfg = Release|x64
		{3FD80A92-BD8F-4811-A5D9-15979E06B486}.Release|x64.Build.0 = Release|x64
		{3FD80A92-BD8F-4811-A5D9-15979E06B486}.Release|x86.ActiveCfg = Release|Win32
		{3FD80A92-BD8F-4811-A5D9-15979E06B486}.Release|x86.Build.0 = Release|Win32
	EndGlobalSection
	GlobalSection(SolutionProperties) = preSolution
		HideSolutionNode = FALSE
	EndGlobalSection
	GlobalSection(ExtensibilityGlobals) = postSolution
		SolutionGuid = {49F4DA67-04E6-41B5-A00B-931651072992}
	EndGlobalSection
EndGlobal
